
Microsoft Visual Studio Solution File, Format Version 12.00
# Visual Studio Version 17
VisualStudioVersion = 17.5.002.0
MinimumVisualStudioVersion = 10.0.40219.1
Project("{9A19103F-16F7-4668-BE54-9A1E7A4F7556}") = "stilltestingcsharp", "stilltestingcsharp.csproj", "{993ECB53-3BE3-4727-9450-129F85002C93}"
EndProject
Project("{FAE04EC0-301F-11D3-BF4B-00C04F79EFBC}") = "secondProject", "..\secondProject\secondProject.csproj", "{7EA2F272-7C3E-4260-9463-7BDF3781D5FF}"
EndProject
Global
	GlobalSection(SolutionConfigurationPlatforms) = preSolution
		Debug|Any CPU = Debug|Any CPU
		Release|Any CPU = Release|Any CPU
	EndGlobalSection
	GlobalSection(ProjectConfigurationPlatforms) = postSolution
		{993ECB53-3BE3-4727-9450-129F85002C93}.Debug|Any CPU.ActiveCfg = Debug|Any CPU
		{993ECB53-3BE3-4727-9450-129F85002C93}.Debug|Any CPU.Build.0 = Debug|Any CPU
		{993ECB53-3BE3-4727-9450-129F85002C93}.Release|Any CPU.ActiveCfg = Release|Any CPU
		{993ECB53-3BE3-4727-9450-129F85002C93}.Release|Any CPU.Build.0 = Release|Any CPU
		{7EA2F272-7C3E-4260-9463-7BDF3781D5FF}.Debug|Any CPU.ActiveCfg = Debug|Any CPU
		{7EA2F272-7C3E-4260-9463-7BDF3781D5FF}.Debug|Any CPU.Build.0 = Debug|Any CPU
		{7EA2F272-7C3E-4260-9463-7BDF3781D5FF}.Release|Any CPU.ActiveCfg = Release|Any CPU
		{7EA2F272-7C3E-4260-9463-7BDF3781D5FF}.Release|Any CPU.Build.0 = Release|Any CPU
	EndGlobalSection
	GlobalSection(SolutionProperties) = preSolution
		HideSolutionNode = FALSE
	EndGlobalSection
	GlobalSection(ExtensibilityGlobals) = postSolution
		SolutionGuid = {3ED5BAD5-0A34-4FA1-9831-074A6C1DB14A}
	EndGlobalSection
EndGlobal
