
Microsoft Visual Studio Solution File, Format Version 12.00
# Visual Studio Version 17
VisualStudioVersion = 17.5.002.0
MinimumVisualStudioVersion = 10.0.40219.1
Project("{9A19103F-16F7-4668-BE54-9A1E7A4F7556}") = "PostmanLearning", "PostmanLearning.csproj", "{67F320E2-2601-450C-B457-2FA5ACC75A72}"
EndProject
Global
	GlobalSection(SolutionConfigurationPlatforms) = preSolution
		Debug|Any CPU = Debug|Any CPU
		Release|Any CPU = Release|Any CPU
	EndGlobalSection
	GlobalSection(ProjectConfigurationPlatforms) = postSolution
		{67F320E2-2601-450C-B457-2FA5ACC75A72}.Debug|Any CPU.ActiveCfg = Debug|Any CPU
		{67F320E2-2601-450C-B457-2FA5ACC75A72}.Debug|Any CPU.Build.0 = Debug|Any CPU
		{67F320E2-2601-450C-B457-2FA5ACC75A72}.Release|Any CPU.ActiveCfg = Release|Any CPU
		{67F320E2-2601-450C-B457-2FA5ACC75A72}.Release|Any CPU.Build.0 = Release|Any CPU
	EndGlobalSection
	GlobalSection(SolutionProperties) = preSolution
		HideSolutionNode = FALSE
	EndGlobalSection
	GlobalSection(ExtensibilityGlobals) = postSolution
		SolutionGuid = {87AE5FA6-C7DA-4EAD-8EDA-C2F93D8F94D8}
	EndGlobalSection
EndGlobal
