Microsoft Visual Studio Solution File, Format Version 12.00
# Visual Studio Version 17
VisualStudioVersion = 17.5.2.0
MinimumVisualStudioVersion = 10.0.40219.1
Project("{FAE04EC0-301F-11D3-BF4B-00C04F79EFBC}") = "TempConverterWebApp", "TempConverterWebApp.csproj", "{9FC2FDF6-0A41-67B7-1A0F-76A000FC5CE6}"
EndProject
Global
	GlobalSection(SolutionConfigurationPlatforms) = preSolution
		Debug|Any CPU = Debug|Any CPU
		Release|Any CPU = Release|Any CPU
	EndGlobalSection
	GlobalSection(ProjectConfigurationPlatforms) = postSolution
		{9FC2FDF6-0A41-67B7-1A0F-76A000FC5CE6}.Debug|Any CPU.ActiveCfg = Debug|Any CPU
		{9FC2FDF6-0A41-67B7-1A0F-76A000FC5CE6}.Debug|Any CPU.Build.0 = Debug|Any CPU
		{9FC2FDF6-0A41-67B7-1A0F-76A000FC5CE6}.Release|Any CPU.ActiveCfg = Release|Any CPU
		{9FC2FDF6-0A41-67B7-1A0F-76A000FC5CE6}.Release|Any CPU.Build.0 = Release|Any CPU
	EndGlobalSection
	GlobalSection(SolutionProperties) = preSolution
		HideSolutionNode = FALSE
	EndGlobalSection
	GlobalSection(ExtensibilityGlobals) = postSolution
		SolutionGuid = {C5603AD9-0004-4005-A2C8-9CC2EC539374}
	EndGlobalSection
EndGlobal
