Microsoft Visual Studio Solution File, Format Version 12.00
# Visual Studio Version 17
VisualStudioVersion = 17.5.2.0
MinimumVisualStudioVersion = 10.0.40219.1
Project("{FAE04EC0-301F-11D3-BF4B-00C04F79EFBC}") = "HotelApi", "HotelApi\HotelApi.csproj", "{A9BF4A67-67E9-6F83-C245-8DF81F500A55}"
EndProject
Global
	GlobalSection(SolutionConfigurationPlatforms) = preSolution
		Debug|Any CPU = Debug|Any CPU
		Release|Any CPU = Release|Any CPU
	EndGlobalSection
	GlobalSection(ProjectConfigurationPlatforms) = postSolution
		{A9BF4A67-67E9-6F83-C245-8DF81F500A55}.Debug|Any CPU.ActiveCfg = Debug|Any CPU
		{A9BF4A67-67E9-6F83-C245-8DF81F500A55}.Debug|Any CPU.Build.0 = Debug|Any CPU
		{A9BF4A67-67E9-6F83-C245-8DF81F500A55}.Release|Any CPU.ActiveCfg = Release|Any CPU
		{A9BF4A67-67E9-6F83-C245-8DF81F500A55}.Release|Any CPU.Build.0 = Release|Any CPU
	EndGlobalSection
	GlobalSection(SolutionProperties) = preSolution
		HideSolutionNode = FALSE
	EndGlobalSection
	GlobalSection(ExtensibilityGlobals) = postSolution
		SolutionGuid = {D91E2441-D039-437A-A9C0-82388C6C1F55}
	EndGlobalSection
EndGlobal
