
Microsoft Visual Studio Solution File, Format Version 12.00
# Visual Studio Version 17
VisualStudioVersion = 17.0.31903.59
MinimumVisualStudioVersion = 10.0.40219.1
Project("{FAE04EC0-301F-11D3-BF4B-00C04F79EFBC}") = "StudentCourseDB1", "StudentCourseDB1\StudentCourseDB1.csproj", "{57C50C71-83C9-4CC0-9867-3BCF692E293E}"
EndProject
Global
	GlobalSection(SolutionConfigurationPlatforms) = preSolution
		Debug|Any CPU = Debug|Any CPU
		Release|Any CPU = Release|Any CPU
	EndGlobalSection
	GlobalSection(SolutionProperties) = preSolution
		HideSolutionNode = FALSE
	EndGlobalSection
	GlobalSection(ProjectConfigurationPlatforms) = postSolution
		{57C50C71-83C9-4CC0-9867-3BCF692E293E}.Debug|Any CPU.ActiveCfg = Debug|Any CPU
		{57C50C71-83C9-4CC0-9867-3BCF692E293E}.Debug|Any CPU.Build.0 = Debug|Any CPU
		{57C50C71-83C9-4CC0-9867-3BCF692E293E}.Release|Any CPU.ActiveCfg = Release|Any CPU
		{57C50C71-83C9-4CC0-9867-3BCF692E293E}.Release|Any CPU.Build.0 = Release|Any CPU
	EndGlobalSection
EndGlobal
